Microsoft Visual Studio Solution File, Format Version 12.00
# Visual Studio Version 17
VisualStudioVersion = 17.13.35919.96
MinimumVisualStudioVersion = 10.0.40219.1
Project("{FAE04EC0-301F-11D3-BF4B-00C04F79EFBC}") = "MauiAppTempoAgora", "MauiAppTempoAgora\MauiAppTempoAgora.csproj", "{DAD83CF4-6636-48E9-98C8-F2CE957CDB24}"
EndProject
Global
	GlobalSection(SolutionConfigurationPlatforms) = preSolution
		Debug|Any CPU = Debug|Any CPU
		Release|Any CPU = Release|Any CPU
	EndGlobalSection
	GlobalSection(ProjectConfigurationPlatforms) = postSolution
		{DAD83CF4-6636-48E9-98C8-F2CE957CDB24}.Debug|Any CPU.ActiveCfg = Debug|Any CPU
		{DAD83CF4-6636-48E9-98C8-F2CE957CDB24}.Debug|Any CPU.Build.0 = Debug|Any CPU
		{DAD83CF4-6636-48E9-98C8-F2CE957CDB24}.Debug|Any CPU.Deploy.0 = Debug|Any CPU
		{DAD83CF4-6636-48E9-98C8-F2CE957CDB24}.Release|Any CPU.ActiveCfg = Release|Any CPU
		{DAD83CF4-6636-48E9-98C8-F2CE957CDB24}.Release|Any CPU.Build.0 = Release|Any CPU
		{DAD83CF4-6636-48E9-98C8-F2CE957CDB24}.Release|Any CPU.Deploy.0 = Release|Any CPU
	EndGlobalSection
	GlobalSection(SolutionProperties) = preSolution
		HideSolutionNode = FALSE
	EndGlobalSection
	GlobalSection(ExtensibilityGlobals) = postSolution
		SolutionGuid = {DE426981-0E7D-4B3D-A7F9-C3D6676590D1}
	EndGlobalSection
EndGlobal
